
Microsoft Visual Studio Solution File, Format Version 12.00
# Visual Studio Version 16
VisualStudioVersion = 16.0.30204.135
MinimumVisualStudioVersion = 10.0.40219.1
Project("{FAE04EC0-301F-11D3-BF4B-00C04F79EFBC}") = "VisualNOVELizer", "ScriptParser\VisualNOVELizer.csproj", "{2FCBE478-8B35-4D17-8D1D-F300D2D4E244}"
EndProject
Global
	GlobalSection(SolutionConfigurationPlatforms) = preSolution
		Debug|Any CPU = Debug|Any CPU
		Release|Any CPU = Release|Any CPU
	EndGlobalSection
	GlobalSection(ProjectConfigurationPlatforms) = postSolution
		{2FCBE478-8B35-4D17-8D1D-F300D2D4E244}.Debug|Any CPU.ActiveCfg = Debug|Any CPU
		{2FCBE478-8B35-4D17-8D1D-F300D2D4E244}.Debug|Any CPU.Build.0 = Debug|Any CPU
		{2FCBE478-8B35-4D17-8D1D-F300D2D4E244}.Release|Any CPU.ActiveCfg = Release|Any CPU
		{2FCBE478-8B35-4D17-8D1D-F300D2D4E244}.Release|Any CPU.Build.0 = Release|Any CPU
	EndGlobalSection
	GlobalSection(SolutionProperties) = preSolution
		HideSolutionNode = FALSE
	EndGlobalSection
	GlobalSection(ExtensibilityGlobals) = postSolution
		SolutionGuid = {32A57843-5E6A-4430-8525-0AA7DC55C7F7}
	EndGlobalSection
EndGlobal
